
Microsoft Visual Studio Solution File, Format Version 12.00
# Visual Studio Version 16
VisualStudioVersion = 16.0.29201.188
MinimumVisualStudioVersion = 10.0.40219.1
Project("{FAE04EC0-301F-11D3-BF4B-00C04F79EFBC}") = "Hero Wave Survival", "Hero Wave Survival\Hero Wave Survival.csproj", "{8205ECB1-E44E-48AB-8185-32052AE0C2F1}"
EndProject
Global
	GlobalSection(SolutionConfigurationPlatforms) = preSolution
		Debug|Any CPU = Debug|Any CPU
		Release|Any CPU = Release|Any CPU
	EndGlobalSection
	GlobalSection(ProjectConfigurationPlatforms) = postSolution
		{8205ECB1-E44E-48AB-8185-32052AE0C2F1}.Debug|Any CPU.ActiveCfg = Debug|Any CPU
		{8205ECB1-E44E-48AB-8185-32052AE0C2F1}.Debug|Any CPU.Build.0 = Debug|Any CPU
		{8205ECB1-E44E-48AB-8185-32052AE0C2F1}.Release|Any CPU.ActiveCfg = Release|Any CPU
		{8205ECB1-E44E-48AB-8185-32052AE0C2F1}.Release|Any CPU.Build.0 = Release|Any CPU
	EndGlobalSection
	GlobalSection(SolutionProperties) = preSolution
		HideSolutionNode = FALSE
	EndGlobalSection
	GlobalSection(ExtensibilityGlobals) = postSolution
		SolutionGuid = {4B8D029B-8D03-4C94-ABE7-2DE67DAB1150}
	EndGlobalSection
EndGlobal
